
Microsoft Visual Studio Solution File, Format Version 12.00
# Visual Studio 15
VisualStudioVersion = 15.0.28010.2026
MinimumVisualStudioVersion = 10.0.40219.1
Project("{FAE04EC0-301F-11D3-BF4B-00C04F79EFBC}") = "ShopApplication", "ShopApplication\ShopApplication.csproj", "{59E4E6D0-124B-4871-BC8A-C532EB02A132}"
EndProject
Global
	GlobalSection(SolutionConfigurationPlatforms) = preSolution
		Debug|Any CPU = Debug|Any CPU
		Release|Any CPU = Release|Any CPU
	EndGlobalSection
	GlobalSection(ProjectConfigurationPlatforms) = postSolution
		{59E4E6D0-124B-4871-BC8A-C532EB02A132}.Debug|Any CPU.ActiveCfg = Debug|Any CPU
		{59E4E6D0-124B-4871-BC8A-C532EB02A132}.Debug|Any CPU.Build.0 = Debug|Any CPU
		{59E4E6D0-124B-4871-BC8A-C532EB02A132}.Release|Any CPU.ActiveCfg = Release|Any CPU
		{59E4E6D0-124B-4871-BC8A-C532EB02A132}.Release|Any CPU.Build.0 = Release|Any CPU
	EndGlobalSection
	GlobalSection(SolutionProperties) = preSolution
		HideSolutionNode = FALSE
	EndGlobalSection
	GlobalSection(ExtensibilityGlobals) = postSolution
		SolutionGuid = {728814A8-8424-41BD-88C5-125BDA576223}
	EndGlobalSection
EndGlobal
